// !$*UTF8*$!
{
	archiveVersion = 1;
	classes = {
	};
	objectVersion = 50;
	objects = {

/* Begin PBXBuildFile section */
		3B97F79B25980DDF00800A65 /* DaoDynamicMarketClient.swift in Sources */ = {isa = PBXBuildFile; fileRef = 3B97F79425980DDF00800A65 /* DaoDynamicMarketClient.swift */; };
		3B97F79C25980DDF00800A65 /* TestableModel.swift in Sources */ = {isa = PBXBuildFile; fileRef = 3B97F79525980DDF00800A65 /* TestableModel.swift */; };
		3B97F79D25980DDF00800A65 /* DownloadedPackage.swift in Sources */ = {isa = PBXBuildFile; fileRef = 3B97F79625980DDF00800A65 /* DownloadedPackage.swift */; };
		3B97F79E25980DDF00800A65 /* Network.swift in Sources */ = {isa = PBXBuildFile; fileRef = 3B97F79725980DDF00800A65 /* Network.swift */; };
		3BDC2FEF25968823005EC227 /* EasyBooksApp.swift in Sources */ = {isa = PBXBuildFile; fileRef = 3BDC2FEE25968823005EC227 /* EasyBooksApp.swift */; };
		3BDC2FF125968823005EC227 /* ContentView.swift in Sources */ = {isa = PBXBuildFile; fileRef = 3BDC2FF025968823005EC227 /* ContentView.swift */; };
		3BDC2FF325968826005EC227 /* Assets.xcassets in Resources */ = {isa = PBXBuildFile; fileRef = 3BDC2FF225968826005EC227 /* Assets.xcassets */; };
		3BDC2FF625968826005EC227 /* Preview Assets.xcassets in Resources */ = {isa = PBXBuildFile; fileRef = 3BDC2FF525968826005EC227 /* Preview Assets.xcassets */; };
		3BDC2FF825968826005EC227 /* Persistence.swift in Sources */ = {isa = PBXBuildFile; fileRef = 3BDC2FF725968826005EC227 /* Persistence.swift */; };
		3BDC2FFB25968826005EC227 /* EasyBooks.xcdatamodeld in Sources */ = {isa = PBXBuildFile; fileRef = 3BDC2FF925968826005EC227 /* EasyBooks.xcdatamodeld */; };
		3BDC30052597ABB8005EC227 /* LoginView.swift in Sources */ = {isa = PBXBuildFile; fileRef = 3BDC30042597ABB8005EC227 /* LoginView.swift */; };
		3BDC300A2597FD17005EC227 /* EBSubmitButton.swift in Sources */ = {isa = PBXBuildFile; fileRef = 3BDC30092597FD17005EC227 /* EBSubmitButton.swift */; };
		3BDC300E2598002F005EC227 /* UserLoginData.swift in Sources */ = {isa = PBXBuildFile; fileRef = 3BDC300D2598002F005EC227 /* UserLoginData.swift */; };
		3BDC301225980070005EC227 /* User.swift in Sources */ = {isa = PBXBuildFile; fileRef = 3BDC301125980070005EC227 /* User.swift */; };
		3BDC30162598039F005EC227 /* MainView.swift in Sources */ = {isa = PBXBuildFile; fileRef = 3BDC30152598039F005EC227 /* MainView.swift */; };
		3BDC301A2598048D005EC227 /* LandingView.swift in Sources */ = {isa = PBXBuildFile; fileRef = 3BDC30192598048D005EC227 /* LandingView.swift */; };
		3BDC301E259806EB005EC227 /* DashboardView.swift in Sources */ = {isa = PBXBuildFile; fileRef = 3BDC301D259806EB005EC227 /* DashboardView.swift */; };
/* End PBXBuildFile section */

/* Begin PBXFileReference section */
		3B97F79425980DDF00800A65 /* DaoDynamicMarketClient.swift */ = {isa = PBXFileReference; fileEncoding = 4; lastKnownFileType = sourcecode.swift; path = DaoDynamicMarketClient.swift; sourceTree = "<group>"; };
		3B97F79525980DDF00800A65 /* TestableModel.swift */ = {isa = PBXFileReference; fileEncoding = 4; lastKnownFileType = sourcecode.swift; path = TestableModel.swift; sourceTree = "<group>"; };
		3B97F79625980DDF00800A65 /* DownloadedPackage.swift */ = {isa = PBXFileReference; fileEncoding = 4; lastKnownFileType = sourcecode.swift; path = DownloadedPackage.swift; sourceTree = "<group>"; };
		3B97F79725980DDF00800A65 /* Network.swift */ = {isa = PBXFileReference; fileEncoding = 4; lastKnownFileType = sourcecode.swift; path = Network.swift; sourceTree = "<group>"; };
		3BDC2FEB25968823005EC227 /* EasyBooks.app */ = {isa = PBXFileReference; explicitFileType = wrapper.application; includeInIndex = 0; path = EasyBooks.app; sourceTree = BUILT_PRODUCTS_DIR; };
		3BDC2FEE25968823005EC227 /* EasyBooksApp.swift */ = {isa = PBXFileReference; lastKnownFileType = sourcecode.swift; path = EasyBooksApp.swift; sourceTree = "<group>"; };
		3BDC2FF025968823005EC227 /* ContentView.swift */ = {isa = PBXFileReference; lastKnownFileType = sourcecode.swift; path = ContentView.swift; sourceTree = "<group>"; };
		3BDC2FF225968826005EC227 /* Assets.xcassets */ = {isa = PBXFileReference; lastKnownFileType = folder.assetcatalog; path = Assets.xcassets; sourceTree = "<group>"; };
		3BDC2FF525968826005EC227 /* Preview Assets.xcassets */ = {isa = PBXFileReference; lastKnownFileType = folder.assetcatalog; path = "Preview Assets.xcassets"; sourceTree = "<group>"; };
		3BDC2FF725968826005EC227 /* Persistence.swift */ = {isa = PBXFileReference; lastKnownFileType = sourcecode.swift; path = Persistence.swift; sourceTree = "<group>"; };
		3BDC2FFA25968826005EC227 /* EasyBooks.xcdatamodel */ = {isa = PBXFileReference; lastKnownFileType = wrapper.xcdatamodel; path = EasyBooks.xcdatamodel; sourceTree = "<group>"; };
		3BDC2FFC25968826005EC227 /* Info.plist */ = {isa = PBXFileReference; lastKnownFileType = text.plist.xml; path = Info.plist; sourceTree = "<group>"; };
		3BDC30042597ABB8005EC227 /* LoginView.swift */ = {isa = PBXFileReference; lastKnownFileType = sourcecode.swift; path = LoginView.swift; sourceTree = "<group>"; };
		3BDC30092597FD17005EC227 /* EBSubmitButton.swift */ = {isa = PBXFileReference; lastKnownFileType = sourcecode.swift; path = EBSubmitButton.swift; sourceTree = "<group>"; };
		3BDC300D2598002F005EC227 /* UserLoginData.swift */ = {isa = PBXFileReference; lastKnownFileType = sourcecode.swift; path = UserLoginData.swift; sourceTree = "<group>"; };
		3BDC301125980070005EC227 /* User.swift */ = {isa = PBXFileReference; lastKnownFileType = sourcecode.swift; path = User.swift; sourceTree = "<group>"; };
		3BDC30152598039F005EC227 /* MainView.swift */ = {isa = PBXFileReference; lastKnownFileType = sourcecode.swift; path = MainView.swift; sourceTree = "<group>"; };
		3BDC30192598048D005EC227 /* LandingView.swift */ = {isa = PBXFileReference; lastKnownFileType = sourcecode.swift; path = LandingView.swift; sourceTree = "<group>"; };
		3BDC301D259806EB005EC227 /* DashboardView.swift */ = {isa = PBXFileReference; lastKnownFileType = sourcecode.swift; path = DashboardView.swift; sourceTree = "<group>"; };
/* End PBXFileReference section */

/* Begin PBXFrameworksBuildPhase section */
		3BDC2FE825968823005EC227 /* Frameworks */ = {
			isa = PBXFrameworksBuildPhase;
			buildActionMask = 2147483647;
			files = (
			);
			runOnlyForDeploymentPostprocessing = 0;
		};
/* End PBXFrameworksBuildPhase section */

/* Begin PBXGroup section */
		3B97F79225980DDF00800A65 /* Network */ = {
			isa = PBXGroup;
			children = (
				3B97F79325980DDF00800A65 /* DaoClasses */,
				3B97F79525980DDF00800A65 /* TestableModel.swift */,
				3B97F79625980DDF00800A65 /* DownloadedPackage.swift */,
				3B97F79725980DDF00800A65 /* Network.swift */,
			);
			path = Network;
			sourceTree = "<group>";
		};
		3B97F79325980DDF00800A65 /* DaoClasses */ = {
			isa = PBXGroup;
			children = (
				3B97F79425980DDF00800A65 /* DaoDynamicMarketClient.swift */,
			);
			path = DaoClasses;
			sourceTree = "<group>";
		};
		3BDC2FE225968823005EC227 = {
			isa = PBXGroup;
			children = (
				3BDC2FED25968823005EC227 /* EasyBooks */,
				3BDC2FEC25968823005EC227 /* Products */,
			);
			sourceTree = "<group>";
		};
		3BDC2FEC25968823005EC227 /* Products */ = {
			isa = PBXGroup;
			children = (
				3BDC2FEB25968823005EC227 /* EasyBooks.app */,
			);
			name = Products;
			sourceTree = "<group>";
		};
		3BDC2FED25968823005EC227 /* EasyBooks */ = {
			isa = PBXGroup;
			children = (
				3B97F79225980DDF00800A65 /* Network */,
				3BDC301025980066005EC227 /* Models */,
				3BDC30082597FCA3005EC227 /* Global */,
				3BDC30032597ABA0005EC227 /* Views */,
				3BDC2FEE25968823005EC227 /* EasyBooksApp.swift */,
				3BDC2FF025968823005EC227 /* ContentView.swift */,
				3BDC2FF225968826005EC227 /* Assets.xcassets */,
				3BDC2FF725968826005EC227 /* Persistence.swift */,
				3BDC2FFC25968826005EC227 /* Info.plist */,
				3BDC2FF925968826005EC227 /* EasyBooks.xcdatamodeld */,
				3BDC2FF425968826005EC227 /* Preview Content */,
			);
			path = EasyBooks;
			sourceTree = "<group>";
		};
		3BDC2FF425968826005EC227 /* Preview Content */ = {
			isa = PBXGroup;
			children = (
				3BDC2FF525968826005EC227 /* Preview Assets.xcassets */,
			);
			path = "Preview Content";
			sourceTree = "<group>";
		};
		3BDC30032597ABA0005EC227 /* Views */ = {
			isa = PBXGroup;
			children = (
				3BDC301C259806D9005EC227 /* DashboardView */,
				3BDC301825980471005EC227 /* LandingView */,
				3BDC301425980391005EC227 /* MainView */,
				3BDC30072597FC98005EC227 /* LoginView */,
			);
			path = Views;
			sourceTree = "<group>";
		};
		3BDC30072597FC98005EC227 /* LoginView */ = {
			isa = PBXGroup;
			children = (
				3BDC30042597ABB8005EC227 /* LoginView.swift */,
				3BDC300D2598002F005EC227 /* UserLoginData.swift */,
			);
			path = LoginView;
			sourceTree = "<group>";
		};
		3BDC30082597FCA3005EC227 /* Global */ = {
			isa = PBXGroup;
			children = (
				3BDC30092597FD17005EC227 /* EBSubmitButton.swift */,
			);
			path = Global;
			sourceTree = "<group>";
		};
		3BDC301025980066005EC227 /* Models */ = {
			isa = PBXGroup;
			children = (
				3BDC301125980070005EC227 /* User.swift */,
			);
			path = Models;
			sourceTree = "<group>";
		};
		3BDC301425980391005EC227 /* MainView */ = {
			isa = PBXGroup;
			children = (
				3BDC30152598039F005EC227 /* MainView.swift */,
			);
			path = MainView;
			sourceTree = "<group>";
		};
		3BDC301825980471005EC227 /* LandingView */ = {
			isa = PBXGroup;
			children = (
				3BDC30192598048D005EC227 /* LandingView.swift */,
			);
			path = LandingView;
			sourceTree = "<group>";
		};
		3BDC301C259806D9005EC227 /* DashboardView */ = {
			isa = PBXGroup;
			children = (
				3BDC301D259806EB005EC227 /* DashboardView.swift */,
			);
			path = DashboardView;
			sourceTree = "<group>";
		};
/* End PBXGroup section */

/* Begin PBXNativeTarget section */
		3BDC2FEA25968823005EC227 /* EasyBooks */ = {
			isa = PBXNativeTarget;
			buildConfigurationList = 3BDC2FFF25968826005EC227 /* Build configuration list for PBXNativeTarget "EasyBooks" */;
			buildPhases = (
				3BDC2FE725968823005EC227 /* Sources */,
				3BDC2FE825968823005EC227 /* Frameworks */,
				3BDC2FE925968823005EC227 /* Resources */,
			);
			buildRules = (
			);
			dependencies = (
			);
			name = EasyBooks;
			productName = EasyBooks;
			productReference = 3BDC2FEB25968823005EC227 /* EasyBooks.app */;
			productType = "com.apple.product-type.application";
		};
/* End PBXNativeTarget section */

/* Begin PBXProject section */
		3BDC2FE325968823005EC227 /* Project object */ = {
			isa = PBXProject;
			attributes = {
				LastSwiftUpdateCheck = 1230;
				LastUpgradeCheck = 1230;
				TargetAttributes = {
					3BDC2FEA25968823005EC227 = {
						CreatedOnToolsVersion = 12.3;
					};
				};
			};
			buildConfigurationList = 3BDC2FE625968823005EC227 /* Build configuration list for PBXProject "EasyBooks" */;
			compatibilityVersion = "Xcode 9.3";
			developmentRegion = en;
			hasScannedForEncodings = 0;
			knownRegions = (
				en,
				Base,
			);
			mainGroup = 3BDC2FE225968823005EC227;
			productRefGroup = 3BDC2FEC25968823005EC227 /* Products */;
			projectDirPath = "";
			projectRoot = "";
			targets = (
				3BDC2FEA25968823005EC227 /* EasyBooks */,
			);
		};
/* End PBXProject section */

/* Begin PBXResourcesBuildPhase section */
		3BDC2FE925968823005EC227 /* Resources */ = {
			isa = PBXResourcesBuildPhase;
			buildActionMask = 2147483647;
			files = (
				3BDC2FF625968826005EC227 /* Preview Assets.xcassets in Resources */,
				3BDC2FF325968826005EC227 /* Assets.xcassets in Resources */,
			);
			runOnlyForDeploymentPostprocessing = 0;
		};
/* End PBXResourcesBuildPhase section */

/* Begin PBXSourcesBuildPhase section */
		3BDC2FE725968823005EC227 /* Sources */ = {
			isa = PBXSourcesBuildPhase;
			buildActionMask = 2147483647;
			files = (
				3BDC2FF825968826005EC227 /* Persistence.swift in Sources */,
				3B97F79D25980DDF00800A65 /* DownloadedPackage.swift in Sources */,
				3BDC30162598039F005EC227 /* MainView.swift in Sources */,
				3BDC2FF125968823005EC227 /* ContentView.swift in Sources */,
				3BDC300A2597FD17005EC227 /* EBSubmitButton.swift in Sources */,
				3B97F79E25980DDF00800A65 /* Network.swift in Sources */,
				3BDC300E2598002F005EC227 /* UserLoginData.swift in Sources */,
				3BDC301225980070005EC227 /* User.swift in Sources */,
				3BDC301E259806EB005EC227 /* DashboardView.swift in Sources */,
				3B97F79C25980DDF00800A65 /* TestableModel.swift in Sources */,
				3B97F79B25980DDF00800A65 /* DaoDynamicMarketClient.swift in Sources */,
				3BDC301A2598048D005EC227 /* LandingView.swift in Sources */,
				3BDC2FFB25968826005EC227 /* EasyBooks.xcdatamodeld in Sources */,
				3BDC30052597ABB8005EC227 /* LoginView.swift in Sources */,
				3BDC2FEF25968823005EC227 /* EasyBooksApp.swift in Sources */,
			);
			runOnlyForDeploymentPostprocessing = 0;
		};
/* End PBXSourcesBuildPhase section */

/* Begin XCBuildConfiguration section */
		3BDC2FFD25968826005EC227 /* Debug */ = {
			isa = XCBuildConfiguration;
			buildSettings = {
				ALWAYS_SEARCH_USER_PATHS = NO;
				CLANG_ANALYZER_NONNULL = YES;
				CLANG_ANALYZER_NUMBER_OBJECT_CONVERSION = YES_AGGRESSIVE;
				CLANG_CXX_LANGUAGE_STANDARD = "gnu++14";
				CLANG_CXX_LIBRARY = "libc++";
				CLANG_ENABLE_MODULES = YES;
				CLANG_ENABLE_OBJC_ARC = YES;
				CLANG_ENABLE_OBJC_WEAK = YES;
				CLANG_WARN_BLOCK_CAPTURE_AUTORELEASING = YES;
				CLANG_WARN_BOOL_CONVERSION = YES;
				CLANG_WARN_COMMA = YES;
				CLANG_WARN_CONSTANT_CONVERSION = YES;
				CLANG_WARN_DEPRECATED_OBJC_IMPLEMENTATIONS = YES;
				CLANG_WARN_DIRECT_OBJC_ISA_USAGE = YES_ERROR;
				CLANG_WARN_DOCUMENTATION_COMMENTS = YES;
				CLANG_WARN_EMPTY_BODY = YES;
				CLANG_WARN_ENUM_CONVERSION = YES;
				CLANG_WARN_INFINITE_RECURSION = YES;
				CLANG_WARN_INT_CONVERSION = YES;
				CLANG_WARN_NON_LITERAL_NULL_CONVERSION = YES;
				CLANG_WARN_OBJC_IMPLICIT_RETAIN_SELF = YES;
				CLANG_WARN_OBJC_LITERAL_CONVERSION = YES;
				CLANG_WARN_OBJC_ROOT_CLASS = YES_ERROR;
				CLANG_WARN_QUOTED_INCLUDE_IN_FRAMEWORK_HEADER = YES;
				CLANG_WARN_RANGE_LOOP_ANALYSIS = YES;
				CLANG_WARN_STRICT_PROTOTYPES = YES;
				CLANG_WARN_SUSPICIOUS_MOVE = YES;
				CLANG_WARN_UNGUARDED_AVAILABILITY = YES_AGGRESSIVE;
				CLANG_WARN_UNREACHABLE_CODE = YES;
				CLANG_WARN__DUPLICATE_METHOD_MATCH = YES;
				COPY_PHASE_STRIP = NO;
				DEBUG_INFORMATION_FORMAT = dwarf;
				ENABLE_STRICT_OBJC_MSGSEND = YES;
				ENABLE_TESTABILITY = YES;
				GCC_C_LANGUAGE_STANDARD = gnu11;
				GCC_DYNAMIC_NO_PIC = NO;
				GCC_NO_COMMON_BLOCKS = YES;
				GCC_OPTIMIZATION_LEVEL = 0;
				GCC_PREPROCESSOR_DEFINITIONS = (
					"DEBUG=1",
					"$(inherited)",
				);
				GCC_WARN_64_TO_32_BIT_CONVERSION = YES;
				GCC_WARN_ABOUT_RETURN_TYPE = YES_ERROR;
				GCC_WARN_UNDECLARED_SELECTOR = YES;
				GCC_WARN_UNINITIALIZED_AUTOS = YES_AGGRESSIVE;
				GCC_WARN_UNUSED_FUNCTION = YES;
				GCC_WARN_UNUSED_VARIABLE = YES;
				IPHONEOS_DEPLOYMENT_TARGET = 14.3;
				MTL_ENABLE_DEBUG_INFO = INCLUDE_SOURCE;
				MTL_FAST_MATH = YES;
				ONLY_ACTIVE_ARCH = YES;
				SDKROOT = iphoneos;
				SWIFT_ACTIVE_COMPILATION_CONDITIONS = DEBUG;
				SWIFT_OPTIMIZATION_LEVEL = "-Onone";
			};
			name = Debug;
		};
		3BDC2FFE25968826005EC227 /* Release */ = {
			isa = XCBuildConfiguration;
			buildSettings = {
				ALWAYS_SEARCH_USER_PATHS = NO;
				CLANG_ANALYZER_NONNULL = YES;
				CLANG_ANALYZER_NUMBER_OBJECT_CONVERSION = YES_AGGRESSIVE;
				CLANG_CXX_LANGUAGE_STANDARD = "gnu++14";
				CLANG_CXX_LIBRARY = "libc++";
				CLANG_ENABLE_MODULES = YES;
				CLANG_ENABLE_OBJC_ARC = YES;
				CLANG_ENABLE_OBJC_WEAK = YES;
				CLANG_WARN_BLOCK_CAPTURE_AUTORELEASING = YES;
				CLANG_WARN_BOOL_CONVERSION = YES;
				CLANG_WARN_COMMA = YES;
				CLANG_WARN_CONSTANT_CONVERSION = YES;
				CLANG_WARN_DEPRECATED_OBJC_IMPLEMENTATIONS = YES;
				CLANG_WARN_DIRECT_OBJC_ISA_USAGE = YES_ERROR;
				CLANG_WARN_DOCUMENTATION_COMMENTS = YES;
				CLANG_WARN_EMPTY_BODY = YES;
				CLANG_WARN_ENUM_CONVERSION = YES;
				CLANG_WARN_INFINITE_RECURSION = YES;
				CLANG_WARN_INT_CONVERSION = YES;
				CLANG_WARN_NON_LITERAL_NULL_CONVERSION = YES;
				CLANG_WARN_OBJC_IMPLICIT_RETAIN_SELF = YES;
				CLANG_WARN_OBJC_LITERAL_CONVERSION = YES;
				CLANG_WARN_OBJC_ROOT_CLASS = YES_ERROR;
				CLANG_WARN_QUOTED_INCLUDE_IN_FRAMEWORK_HEADER = YES;
				CLANG_WARN_RANGE_LOOP_ANALYSIS = YES;
				CLANG_WARN_STRICT_PROTOTYPES = YES;
				CLANG_WARN_SUSPICIOUS_MOVE = YES;
				CLANG_WARN_UNGUARDED_AVAILABILITY = YES_AGGRESSIVE;
				CLANG_WARN_UNREACHABLE_CODE = YES;
				CLANG_WARN__DUPLICATE_METHOD_MATCH = YES;
				COPY_PHASE_STRIP = NO;
				DEBUG_INFORMATION_FORMAT = "dwarf-with-dsym";
				ENABLE_NS_ASSERTIONS = NO;
				ENABLE_STRICT_OBJC_MSGSEND = YES;
				GCC_C_LANGUAGE_STANDARD = gnu11;
				GCC_NO_COMMON_BLOCKS = YES;
				GCC_WARN_64_TO_32_BIT_CONVERSION = YES;
				GCC_WARN_ABOUT_RETURN_TYPE = YES_ERROR;
				GCC_WARN_UNDECLARED_SELECTOR = YES;
				GCC_WARN_UNINITIALIZED_AUTOS = YES_AGGRESSIVE;
				GCC_WARN_UNUSED_FUNCTION = YES;
				GCC_WARN_UNUSED_VARIABLE = YES;
				IPHONEOS_DEPLOYMENT_TARGET = 14.3;
				MTL_ENABLE_DEBUG_INFO = NO;
				MTL_FAST_MATH = YES;
				SDKROOT = iphoneos;
				SWIFT_COMPILATION_MODE = wholemodule;
				SWIFT_OPTIMIZATION_LEVEL = "-O";
				VALIDATE_PRODUCT = YES;
			};
			name = Release;
		};
		3BDC300025968826005EC227 /* Debug */ = {
			isa = XCBuildConfiguration;
			buildSettings = {
				ASSETCATALOG_COMPILER_APPICON_NAME = AppIcon;
				ASSETCATALOG_COMPILER_GLOBAL_ACCENT_COLOR_NAME = AccentColor;
				CODE_SIGN_STYLE = Automatic;
				DEVELOPMENT_ASSET_PATHS = "\"EasyBooks/Preview Content\"";
				DEVELOPMENT_TEAM = TSCWTJD5B4;
				ENABLE_PREVIEWS = YES;
				INFOPLIST_FILE = EasyBooks/Info.plist;
				IPHONEOS_DEPLOYMENT_TARGET = 14.0;
				LD_RUNPATH_SEARCH_PATHS = (
					"$(inherited)",
					"@executable_path/Frameworks",
				);
				PRODUCT_BUNDLE_IDENTIFIER = ca.yiyao.EasyBooks;
				PRODUCT_NAME = "$(TARGET_NAME)";
				SWIFT_VERSION = 5.0;
				TARGETED_DEVICE_FAMILY = "1,2";
			};
			name = Debug;
		};
		3BDC300125968826005EC227 /* Release */ = {
			isa = XCBuildConfiguration;
			buildSettings = {
				ASSETCATALOG_COMPILER_APPICON_NAME = AppIcon;
				ASSETCATALOG_COMPILER_GLOBAL_ACCENT_COLOR_NAME = AccentColor;
				CODE_SIGN_STYLE = Automatic;
				DEVELOPMENT_ASSET_PATHS = "\"EasyBooks/Preview Content\"";
				DEVELOPMENT_TEAM = TSCWTJD5B4;
				ENABLE_PREVIEWS = YES;
				INFOPLIST_FILE = EasyBooks/Info.plist;
				IPHONEOS_DEPLOYMENT_TARGET = 14.0;
				LD_RUNPATH_SEARCH_PATHS = (
					"$(inherited)",
					"@executable_path/Frameworks",
				);
				PRODUCT_BUNDLE_IDENTIFIER = ca.yiyao.EasyBooks;
				PRODUCT_NAME = "$(TARGET_NAME)";
				SWIFT_VERSION = 5.0;
				TARGETED_DEVICE_FAMILY = "1,2";
			};
			name = Release;
		};
/* End XCBuildConfiguration section */

/* Begin XCConfigurationList section */
		3BDC2FE625968823005EC227 /* Build configuration list for PBXProject "EasyBooks" */ = {
			isa = XCConfigurationList;
			buildConfigurations = (
				3BDC2FFD25968826005EC227 /* Debug */,
				3BDC2FFE25968826005EC227 /* Release */,
			);
			defaultConfigurationIsVisible = 0;
			defaultConfigurationName = Release;
		};
		3BDC2FFF25968826005EC227 /* Build configuration list for PBXNativeTarget "EasyBooks" */ = {
			isa = XCConfigurationList;
			buildConfigurations = (
				3BDC300025968826005EC227 /* Debug */,
				3BDC300125968826005EC227 /* Release */,
			);
			defaultConfigurationIsVisible = 0;
			defaultConfigurationName = Release;
		};
/* End XCConfigurationList section */

/* Begin XCVersionGroup section */
		3BDC2FF925968826005EC227 /* EasyBooks.xcdatamodeld */ = {
			isa = XCVersionGroup;
			children = (
				3BDC2FFA25968826005EC227 /* EasyBooks.xcdatamodel */,
			);
			currentVersion = 3BDC2FFA25968826005EC227 /* EasyBooks.xcdatamodel */;
			path = EasyBooks.xcdatamodeld;
			sourceTree = "<group>";
			versionGroupType = wrapper.xcdatamodel;
		};
/* End XCVersionGroup section */
	};
	rootObject = 3BDC2FE325968823005EC227 /* Project object */;
}
